
Microsoft Visual Studio Solution File, Format Version 12.00
# Visual Studio Version 16
VisualStudioVersion = 16.0.31515.178
MinimumVisualStudioVersion = 10.0.40219.1
Project("{FAE04EC0-301F-11D3-BF4B-00C04F79EFBC}") = "homework10", "homework10\homework10.csproj", "{1AA2E276-942D-4210-9D27-C9B13D44D676}"
EndProject
Global
	GlobalSection(SolutionConfigurationPlatforms) = preSolution
		Debug|Any CPU = Debug|Any CPU
		Release|Any CPU = Release|Any CPU
	EndGlobalSection
	GlobalSection(ProjectConfigurationPlatforms) = postSolution
		{1AA2E276-942D-4210-9D27-C9B13D44D676}.Debug|Any CPU.ActiveCfg = Debug|Any CPU
		{1AA2E276-942D-4210-9D27-C9B13D44D676}.Debug|Any CPU.Build.0 = Debug|Any CPU
		{1AA2E276-942D-4210-9D27-C9B13D44D676}.Release|Any CPU.ActiveCfg = Release|Any CPU
		{1AA2E276-942D-4210-9D27-C9B13D44D676}.Release|Any CPU.Build.0 = Release|Any CPU
	EndGlobalSection
	GlobalSection(SolutionProperties) = preSolution
		HideSolutionNode = FALSE
	EndGlobalSection
	GlobalSection(ExtensibilityGlobals) = postSolution
		SolutionGuid = {D0808777-E5EA-4FA1-B3C7-36EB98D0B976}
	EndGlobalSection
EndGlobal
