
Microsoft Visual Studio Solution File, Format Version 12.00
# Visual Studio Version 16
VisualStudioVersion = 16.0.31515.178
MinimumVisualStudioVersion = 10.0.40219.1
Project("{9A19103F-16F7-4668-BE54-9A1E7A4F7556}") = "homework5", "homework5\homework5.csproj", "{211B958A-8E75-498C-AF30-B29A6E75C79D}"
EndProject
Global
	GlobalSection(SolutionConfigurationPlatforms) = preSolution
		Debug|Any CPU = Debug|Any CPU
		Release|Any CPU = Release|Any CPU
	EndGlobalSection
	GlobalSection(ProjectConfigurationPlatforms) = postSolution
		{211B958A-8E75-498C-AF30-B29A6E75C79D}.Debug|Any CPU.ActiveCfg = Debug|Any CPU
		{211B958A-8E75-498C-AF30-B29A6E75C79D}.Debug|Any CPU.Build.0 = Debug|Any CPU
		{211B958A-8E75-498C-AF30-B29A6E75C79D}.Release|Any CPU.ActiveCfg = Release|Any CPU
		{211B958A-8E75-498C-AF30-B29A6E75C79D}.Release|Any CPU.Build.0 = Release|Any CPU
	EndGlobalSection
	GlobalSection(SolutionProperties) = preSolution
		HideSolutionNode = FALSE
	EndGlobalSection
	GlobalSection(ExtensibilityGlobals) = postSolution
		SolutionGuid = {AE7363CB-A706-448B-9D57-D3C3FFEEE5CE}
	EndGlobalSection
EndGlobal
