
Microsoft Visual Studio Solution File, Format Version 12.00
# Visual Studio Version 16
VisualStudioVersion = 16.0.31515.178
MinimumVisualStudioVersion = 10.0.40219.1
Project("{FAE04EC0-301F-11D3-BF4B-00C04F79EFBC}") = "homwork7", "homwork7\homwork7.csproj", "{12842711-D317-47AD-A72E-35C883E317B7}"
EndProject
Global
	GlobalSection(SolutionConfigurationPlatforms) = preSolution
		Debug|Any CPU = Debug|Any CPU
		Release|Any CPU = Release|Any CPU
	EndGlobalSection
	GlobalSection(ProjectConfigurationPlatforms) = postSolution
		{12842711-D317-47AD-A72E-35C883E317B7}.Debug|Any CPU.ActiveCfg = Debug|Any CPU
		{12842711-D317-47AD-A72E-35C883E317B7}.Debug|Any CPU.Build.0 = Debug|Any CPU
		{12842711-D317-47AD-A72E-35C883E317B7}.Release|Any CPU.ActiveCfg = Release|Any CPU
		{12842711-D317-47AD-A72E-35C883E317B7}.Release|Any CPU.Build.0 = Release|Any CPU
	EndGlobalSection
	GlobalSection(SolutionProperties) = preSolution
		HideSolutionNode = FALSE
	EndGlobalSection
	GlobalSection(ExtensibilityGlobals) = postSolution
		SolutionGuid = {2A453EC9-A566-47AF-B678-7929DF3C4037}
	EndGlobalSection
EndGlobal
